
Microsoft Visual Studio Solution File, Format Version 12.00
# Visual Studio 15
VisualStudioVersion = 15.0.27004.2008
MinimumVisualStudioVersion = 10.0.40219.1
Project("{FAE04EC0-301F-11D3-BF4B-00C04F79EFBC}") = "ClassLibrary1", "ClassLibrary1\ClassLibrary1.csproj", "{973F4337-20F4-461C-9B03-9D9A505F74EC}"
EndProject
Global
	GlobalSection(SolutionConfigurationPlatforms) = preSolution
		Debug|Any CPU = Debug|Any CPU
		Release|Any CPU = Release|Any CPU
	EndGlobalSection
	GlobalSection(ProjectConfigurationPlatforms) = postSolution
		{973F4337-20F4-461C-9B03-9D9A505F74EC}.Debug|Any CPU.ActiveCfg = Debug|Any CPU
		{973F4337-20F4-461C-9B03-9D9A505F74EC}.Debug|Any CPU.Build.0 = Debug|Any CPU
		{973F4337-20F4-461C-9B03-9D9A505F74EC}.Release|Any CPU.ActiveCfg = Release|Any CPU
		{973F4337-20F4-461C-9B03-9D9A505F74EC}.Release|Any CPU.Build.0 = Release|Any CPU
	EndGlobalSection
	GlobalSection(SolutionProperties) = preSolution
		HideSolutionNode = FALSE
	EndGlobalSection
	GlobalSection(ExtensibilityGlobals) = postSolution
		SolutionGuid = {000EF397-C18D-470C-AA40-1B4E10568984}
	EndGlobalSection
EndGlobal
