
Microsoft Visual Studio Solution File, Format Version 12.00
# Visual Studio 15
VisualStudioVersion = 15.0.27004.2008
MinimumVisualStudioVersion = 10.0.40219.1
Project("{2150E333-8FDC-42A3-9474-1A3956D46DE8}") = "Src", "Src", "{9CF7F424-C271-4536-8A5D-7F196042549B}"
EndProject
Project("{2150E333-8FDC-42A3-9474-1A3956D46DE8}") = "Test", "Test", "{F1BB75A8-87C6-4A1F-955F-BA21B71DEBDC}"
EndProject
Project("{FAE04EC0-301F-11D3-BF4B-00C04F79EFBC}") = "Region", "Src\Region\Region.csproj", "{F7DB2023-A866-4F36-92A6-B5290F2EE2D7}"
EndProject
Project("{FAE04EC0-301F-11D3-BF4B-00C04F79EFBC}") = "Region.Utils", "Src\Region.Utils\Region.Utils.csproj", "{F4686828-2AB5-49CB-A475-EE1C6C01170C}"
EndProject
Project("{2150E333-8FDC-42A3-9474-1A3956D46DE8}") = "Library", "Library", "{68F4B9E0-1217-462D-9BAE-0B82A9626714}"
	ProjectSection(SolutionItems) = preProject
		Src\Library\ChnCharInfo.dll = Src\Library\ChnCharInfo.dll
	EndProjectSection
EndProject
Project("{FAE04EC0-301F-11D3-BF4B-00C04F79EFBC}") = "Region.Utils.Test", "Test\Region.Utils.Test\Region.Utils.Test.csproj", "{93CCAAC6-D7E4-43F4-B41A-A508A5947EB8}"
EndProject
Global
	GlobalSection(SolutionConfigurationPlatforms) = preSolution
		Debug|Any CPU = Debug|Any CPU
		Release|Any CPU = Release|Any CPU
	EndGlobalSection
	GlobalSection(ProjectConfigurationPlatforms) = postSolution
		{F7DB2023-A866-4F36-92A6-B5290F2EE2D7}.Debug|Any CPU.ActiveCfg = Debug|Any CPU
		{F7DB2023-A866-4F36-92A6-B5290F2EE2D7}.Debug|Any CPU.Build.0 = Debug|Any CPU
		{F7DB2023-A866-4F36-92A6-B5290F2EE2D7}.Release|Any CPU.ActiveCfg = Release|Any CPU
		{F7DB2023-A866-4F36-92A6-B5290F2EE2D7}.Release|Any CPU.Build.0 = Release|Any CPU
		{F4686828-2AB5-49CB-A475-EE1C6C01170C}.Debug|Any CPU.ActiveCfg = Debug|Any CPU
		{F4686828-2AB5-49CB-A475-EE1C6C01170C}.Debug|Any CPU.Build.0 = Debug|Any CPU
		{F4686828-2AB5-49CB-A475-EE1C6C01170C}.Release|Any CPU.ActiveCfg = Release|Any CPU
		{F4686828-2AB5-49CB-A475-EE1C6C01170C}.Release|Any CPU.Build.0 = Release|Any CPU
		{93CCAAC6-D7E4-43F4-B41A-A508A5947EB8}.Debug|Any CPU.ActiveCfg = Debug|Any CPU
		{93CCAAC6-D7E4-43F4-B41A-A508A5947EB8}.Debug|Any CPU.Build.0 = Debug|Any CPU
		{93CCAAC6-D7E4-43F4-B41A-A508A5947EB8}.Release|Any CPU.ActiveCfg = Release|Any CPU
		{93CCAAC6-D7E4-43F4-B41A-A508A5947EB8}.Release|Any CPU.Build.0 = Release|Any CPU
	EndGlobalSection
	GlobalSection(SolutionProperties) = preSolution
		HideSolutionNode = FALSE
	EndGlobalSection
	GlobalSection(NestedProjects) = preSolution
		{F7DB2023-A866-4F36-92A6-B5290F2EE2D7} = {9CF7F424-C271-4536-8A5D-7F196042549B}
		{F4686828-2AB5-49CB-A475-EE1C6C01170C} = {9CF7F424-C271-4536-8A5D-7F196042549B}
		{68F4B9E0-1217-462D-9BAE-0B82A9626714} = {9CF7F424-C271-4536-8A5D-7F196042549B}
		{93CCAAC6-D7E4-43F4-B41A-A508A5947EB8} = {F1BB75A8-87C6-4A1F-955F-BA21B71DEBDC}
	EndGlobalSection
	GlobalSection(ExtensibilityGlobals) = postSolution
		SolutionGuid = {000EF397-C18D-470C-AA40-1B4E10568984}
	EndGlobalSection
EndGlobal
